
Microsoft Visual Studio Solution File, Format Version 12.00
# Visual Studio Version 17
VisualStudioVersion = 17.4.33213.308
MinimumVisualStudioVersion = 10.0.40219.1
Project("{FAE04EC0-301F-11D3-BF4B-00C04F79EFBC}") = "UdemyPlayground", "UdemyPlayground\UdemyPlayground.csproj", "{5A082E8E-805A-4875-8C77-7C748E9DD3DB}"
EndProject
Global
	GlobalSection(SolutionConfigurationPlatforms) = preSolution
		Debug|Any CPU = Debug|Any CPU
		Release|Any CPU = Release|Any CPU
	EndGlobalSection
	GlobalSection(ProjectConfigurationPlatforms) = postSolution
		{5A082E8E-805A-4875-8C77-7C748E9DD3DB}.Debug|Any CPU.ActiveCfg = Debug|Any CPU
		{5A082E8E-805A-4875-8C77-7C748E9DD3DB}.Debug|Any CPU.Build.0 = Debug|Any CPU
		{5A082E8E-805A-4875-8C77-7C748E9DD3DB}.Release|Any CPU.ActiveCfg = Release|Any CPU
		{5A082E8E-805A-4875-8C77-7C748E9DD3DB}.Release|Any CPU.Build.0 = Release|Any CPU
	EndGlobalSection
	GlobalSection(SolutionProperties) = preSolution
		HideSolutionNode = FALSE
	EndGlobalSection
	GlobalSection(ExtensibilityGlobals) = postSolution
		SolutionGuid = {35295638-374A-48B9-B96E-EA60BB47164D}
	EndGlobalSection
EndGlobal
